// !$*UTF8*$!
{
	archiveVersion = 1;
	classes = {
	};
	objectVersion = 46;
	objects = {

/* Begin PBXBuildFile section */
		CCA1C90E1C756C520041EB25 /* AppDelegate.swift in Sources */ = {isa = PBXBuildFile; fileRef = CCA1C90D1C756C520041EB25 /* AppDelegate.swift */; };
		CCA1C9101C756C520041EB25 /* ViewController.swift in Sources */ = {isa = PBXBuildFile; fileRef = CCA1C90F1C756C520041EB25 /* ViewController.swift */; };
		CCA1C9131C756C520041EB25 /* Main.storyboard in Resources */ = {isa = PBXBuildFile; fileRef = CCA1C9111C756C520041EB25 /* Main.storyboard */; };
		CCA1C9151C756C520041EB25 /* Assets.xcassets in Resources */ = {isa = PBXBuildFile; fileRef = CCA1C9141C756C520041EB25 /* Assets.xcassets */; };
		CCA1C9181C756C520041EB25 /* LaunchScreen.storyboard in Resources */ = {isa = PBXBuildFile; fileRef = CCA1C9161C756C520041EB25 /* LaunchScreen.storyboard */; };
		CCA1C9201C756D9A0041EB25 /* CanvassViewController.swift in Sources */ = {isa = PBXBuildFile; fileRef = CCA1C91F1C756D9A0041EB25 /* CanvassViewController.swift */; };
/* End PBXBuildFile section */

/* Begin PBXFileReference section */
		CCA1C90A1C756C520041EB25 /* Canvas.app */ = {isa = PBXFileReference; explicitFileType = wrapper.application; includeInIndex = 0; path = Canvas.app; sourceTree = BUILT_PRODUCTS_DIR; };
		CCA1C90D1C756C520041EB25 /* AppDelegate.swift */ = {isa = PBXFileReference; lastKnownFileType = sourcecode.swift; path = AppDelegate.swift; sourceTree = "<group>"; };
		CCA1C90F1C756C520041EB25 /* ViewController.swift */ = {isa = PBXFileReference; lastKnownFileType = sourcecode.swift; path = ViewController.swift; sourceTree = "<group>"; };
		CCA1C9121C756C520041EB25 /* Base */ = {isa = PBXFileReference; lastKnownFileType = file.storyboard; name = Base; path = Base.lproj/Main.storyboard; sourceTree = "<group>"; };
		CCA1C9141C756C520041EB25 /* Assets.xcassets */ = {isa = PBXFileReference; lastKnownFileType = folder.assetcatalog; path = Assets.xcassets; sourceTree = "<group>"; };
		CCA1C9171C756C520041EB25 /* Base */ = {isa = PBXFileReference; lastKnownFileType = file.storyboard; name = Base; path = Base.lproj/LaunchScreen.storyboard; sourceTree = "<group>"; };
		CCA1C9191C756C520041EB25 /* Info.plist */ = {isa = PBXFileReference; lastKnownFileType = text.plist.xml; path = Info.plist; sourceTree = "<group>"; };
		CCA1C91F1C756D9A0041EB25 /* CanvassViewController.swift */ = {isa = PBXFileReference; fileEncoding = 4; lastKnownFileType = sourcecode.swift; path = CanvassViewController.swift; sourceTree = "<group>"; };
/* End PBXFileReference section */

/* Begin PBXFrameworksBuildPhase section */
		CCA1C9071C756C520041EB25 /* Frameworks */ = {
			isa = PBXFrameworksBuildPhase;
			buildActionMask = 2147483647;
			files = (
			);
			runOnlyForDeploymentPostprocessing = 0;
		};
/* End PBXFrameworksBuildPhase section */

/* Begin PBXGroup section */
		CCA1C9011C756C520041EB25 = {
			isa = PBXGroup;
			children = (
				CCA1C90C1C756C520041EB25 /* Canvas */,
				CCA1C90B1C756C520041EB25 /* Products */,
			);
			sourceTree = "<group>";
		};
		CCA1C90B1C756C520041EB25 /* Products */ = {
			isa = PBXGroup;
			children = (
				CCA1C90A1C756C520041EB25 /* Canvas.app */,
			);
			name = Products;
			sourceTree = "<group>";
		};
		CCA1C90C1C756C520041EB25 /* Canvas */ = {
			isa = PBXGroup;
			children = (
				CCA1C90D1C756C520041EB25 /* AppDelegate.swift */,
				CCA1C90F1C756C520041EB25 /* ViewController.swift */,
				CCA1C9111C756C520041EB25 /* Main.storyboard */,
				CCA1C91F1C756D9A0041EB25 /* CanvassViewController.swift */,
				CCA1C9141C756C520041EB25 /* Assets.xcassets */,
				CCA1C9161C756C520041EB25 /* LaunchScreen.storyboard */,
				CCA1C9191C756C520041EB25 /* Info.plist */,
			);
			path = Canvas;
			sourceTree = "<group>";
		};
/* End PBXGroup section */

/* Begin PBXNativeTarget section */
		CCA1C9091C756C520041EB25 /* Canvas */ = {
			isa = PBXNativeTarget;
			buildConfigurationList = CCA1C91C1C756C520041EB25 /* Build configuration list for PBXNativeTarget "Canvas" */;
			buildPhases = (
				CCA1C9061C756C520041EB25 /* Sources */,
				CCA1C9071C756C520041EB25 /* Frameworks */,
				CCA1C9081C756C520041EB25 /* Resources */,
			);
			buildRules = (
			);
			dependencies = (
			);
			name = Canvas;
			productName = Canvas;
			productReference = CCA1C90A1C756C520041EB25 /* Canvas.app */;
			productType = "com.apple.product-type.application";
		};
/* End PBXNativeTarget section */

/* Begin PBXProject section */
		CCA1C9021C756C520041EB25 /* Project object */ = {
			isa = PBXProject;
			attributes = {
				LastSwiftUpdateCheck = 0720;
				LastUpgradeCheck = 0720;
				ORGANIZATIONNAME = "Blake Hudelson";
				TargetAttributes = {
					CCA1C9091C756C520041EB25 = {
						CreatedOnToolsVersion = 7.2.1;
						DevelopmentTeam = AY66978GEJ;
					};
				};
			};
			buildConfigurationList = CCA1C9051C756C520041EB25 /* Build configuration list for PBXProject "Canvas" */;
			compatibilityVersion = "Xcode 3.2";
			developmentRegion = English;
			hasScannedForEncodings = 0;
			knownRegions = (
				en,
				Base,
			);
			mainGroup = CCA1C9011C756C520041EB25;
			productRefGroup = CCA1C90B1C756C520041EB25 /* Products */;
			projectDirPath = "";
			projectRoot = "";
			targets = (
				CCA1C9091C756C520041EB25 /* Canvas */,
			);
		};
/* End PBXProject section */

/* Begin PBXResourcesBuildPhase section */
		CCA1C9081C756C520041EB25 /* Resources */ = {
			isa = PBXResourcesBuildPhase;
			buildActionMask = 2147483647;
			files = (
				CCA1C9181C756C520041EB25 /* LaunchScreen.storyboard in Resources */,
				CCA1C9151C756C520041EB25 /* Assets.xcassets in Resources */,
				CCA1C9131C756C520041EB25 /* Main.storyboard in Resources */,
			);
			runOnlyForDeploymentPostprocessing = 0;
		};
/* End PBXResourcesBuildPhase section */

/* Begin PBXSourcesBuildPhase section */
		CCA1C9061C756C520041EB25 /* Sources */ = {
			isa = PBXSourcesBuildPhase;
			buildActionMask = 2147483647;
			files = (
				CCA1C9101C756C520041EB25 /* ViewController.swift in Sources */,
				CCA1C9201C756D9A0041EB25 /* CanvassViewController.swift in Sources */,
				CCA1C90E1C756C520041EB25 /* AppDelegate.swift in Sources */,
			);
			runOnlyForDeploymentPostprocessing = 0;
		};
/* End PBXSourcesBuildPhase section */

/* Begin PBXVariantGroup section */
		CCA1C9111C756C520041EB25 /* Main.storyboard */ = {
			isa = PBXVariantGroup;
			children = (
				CCA1C9121C756C520041EB25 /* Base */,
			);
			name = Main.storyboard;
			sourceTree = "<group>";
		};
		CCA1C9161C756C520041EB25 /* LaunchScreen.storyboard */ = {
			isa = PBXVariantGroup;
			children = (
				CCA1C9171C756C520041EB25 /* Base */,
			);
			name = LaunchScreen.storyboard;
			sourceTree = "<group>";
		};
/* End PBXVariantGroup section */

/* Begin XCBuildConfiguration section */
		CCA1C91A1C756C520041EB25 /* Debug */ = {
			isa = XCBuildConfiguration;
			buildSettings = {
				ALWAYS_SEARCH_USER_PATHS = NO;
				CLANG_CXX_LANGUAGE_STANDARD = "gnu++0x";
				CLANG_CXX_LIBRARY = "libc++";
				CLANG_ENABLE_MODULES = YES;
				CLANG_ENABLE_OBJC_ARC = YES;
				CLANG_WARN_BOOL_CONVERSION = YES;
				CLANG_WARN_CONSTANT_CONVERSION = YES;
				CLANG_WARN_DIRECT_OBJC_ISA_USAGE = YES_ERROR;
				CLANG_WARN_EMPTY_BODY = YES;
				CLANG_WARN_ENUM_CONVERSION = YES;
				CLANG_WARN_INT_CONVERSION = YES;
				CLANG_WARN_OBJC_ROOT_CLASS = YES_ERROR;
				CLANG_WARN_UNREACHABLE_CODE = YES;
				CLANG_WARN__DUPLICATE_METHOD_MATCH = YES;
				"CODE_SIGN_IDENTITY[sdk=iphoneos*]" = "iPhone Developer";
				COPY_PHASE_STRIP = NO;
				DEBUG_INFORMATION_FORMAT = dwarf;
				ENABLE_STRICT_OBJC_MSGSEND = YES;
				ENABLE_TESTABILITY = YES;
				GCC_C_LANGUAGE_STANDARD = gnu99;
				GCC_DYNAMIC_NO_PIC = NO;
				GCC_NO_COMMON_BLOCKS = YES;
				GCC_OPTIMIZATION_LEVEL = 0;
				GCC_PREPROCESSOR_DEFINITIONS = (
					"DEBUG=1",
					"$(inherited)",
				);
				GCC_WARN_64_TO_32_BIT_CONVERSION = YES;
				GCC_WARN_ABOUT_RETURN_TYPE = YES_ERROR;
				GCC_WARN_UNDECLARED_SELECTOR = YES;
				GCC_WARN_UNINITIALIZED_AUTOS = YES_AGGRESSIVE;
				GCC_WARN_UNUSED_FUNCTION = YES;
				GCC_WARN_UNUSED_VARIABLE = YES;
				IPHONEOS_DEPLOYMENT_TARGET = 9.2;
				MTL_ENABLE_DEBUG_INFO = YES;
				ONLY_ACTIVE_ARCH = YES;
				SDKROOT = iphoneos;
				SWIFT_OPTIMIZATION_LEVEL = "-Onone";
			};
			name = Debug;
		};
		CCA1C91B1C756C520041EB25 /* Release */ = {
			isa = XCBuildConfiguration;
			buildSettings = {
				ALWAYS_SEARCH_USER_PATHS = NO;
				CLANG_CXX_LANGUAGE_STANDARD = "gnu++0x";
				CLANG_CXX_LIBRARY = "libc++";
				CLANG_ENABLE_MODULES = YES;
				CLANG_ENABLE_OBJC_ARC = YES;
				CLANG_WARN_BOOL_CONVERSION = YES;
				CLANG_WARN_CONSTANT_CONVERSION = YES;
				CLANG_WARN_DIRECT_OBJC_ISA_USAGE = YES_ERROR;
				CLANG_WARN_EMPTY_BODY = YES;
				CLANG_WARN_ENUM_CONVERSION = YES;
				CLANG_WARN_INT_CONVERSION = YES;
				CLANG_WARN_OBJC_ROOT_CLASS = YES_ERROR;
				CLANG_WARN_UNREACHABLE_CODE = YES;
				CLANG_WARN__DUPLICATE_METHOD_MATCH = YES;
				"CODE_SIGN_IDENTITY[sdk=iphoneos*]" = "iPhone Developer";
				COPY_PHASE_STRIP = NO;
				DEBUG_INFORMATION_FORMAT = "dwarf-with-dsym";
				ENABLE_NS_ASSERTIONS = NO;
				ENABLE_STRICT_OBJC_MSGSEND = YES;
				GCC_C_LANGUAGE_STANDARD = gnu99;
				GCC_NO_COMMON_BLOCKS = YES;
				GCC_WARN_64_TO_32_BIT_CONVERSION = YES;
				GCC_WARN_ABOUT_RETURN_TYPE = YES_ERROR;
				GCC_WARN_UNDECLARED_SELECTOR = YES;
				GCC_WARN_UNINITIALIZED_AUTOS = YES_AGGRESSIVE;
				GCC_WARN_UNUSED_FUNCTION = YES;
				GCC_WARN_UNUSED_VARIABLE = YES;
				IPHONEOS_DEPLOYMENT_TARGET = 9.2;
				MTL_ENABLE_DEBUG_INFO = NO;
				SDKROOT = iphoneos;
				VALIDATE_PRODUCT = YES;
			};
			name = Release;
		};
		CCA1C91D1C756C520041EB25 /* Debug */ = {
			isa = XCBuildConfiguration;
			buildSettings = {
				ASSETCATALOG_COMPILER_APPICON_NAME = AppIcon;
				INFOPLIST_FILE = Canvas/Info.plist;
				LD_RUNPATH_SEARCH_PATHS = "$(inherited) @executable_path/Frameworks";
				PRODUCT_BUNDLE_IDENTIFIER = com.blakehudelson.Canvas;
				PRODUCT_NAME = "$(TARGET_NAME)";
			};
			name = Debug;
		};
		CCA1C91E1C756C520041EB25 /* Release */ = {
			isa = XCBuildConfiguration;
			buildSettings = {
				ASSETCATALOG_COMPILER_APPICON_NAME = AppIcon;
				INFOPLIST_FILE = Canvas/Info.plist;
				LD_RUNPATH_SEARCH_PATHS = "$(inherited) @executable_path/Frameworks";
				PRODUCT_BUNDLE_IDENTIFIER = com.blakehudelson.Canvas;
				PRODUCT_NAME = "$(TARGET_NAME)";
			};
			name = Release;
		};
/* End XCBuildConfiguration section */

/* Begin XCConfigurationList section */
		CCA1C9051C756C520041EB25 /* Build configuration list for PBXProject "Canvas" */ = {
			isa = XCConfigurationList;
			buildConfigurations = (
				CCA1C91A1C756C520041EB25 /* Debug */,
				CCA1C91B1C756C520041EB25 /* Release */,
			);
			defaultConfigurationIsVisible = 0;
			defaultConfigurationName = Release;
		};
		CCA1C91C1C756C520041EB25 /* Build configuration list for PBXNativeTarget "Canvas" */ = {
			isa = XCConfigurationList;
			buildConfigurations = (
				CCA1C91D1C756C520041EB25 /* Debug */,
				CCA1C91E1C756C520041EB25 /* Release */,
			);
			defaultConfigurationIsVisible = 0;
		};
/* End XCConfigurationList section */
	};
	rootObject = CCA1C9021C756C520041EB25 /* Project object */;
}
